
Microsoft Visual Studio Solution File, Format Version 12.00
# Visual Studio Version 16
VisualStudioVersion = 16.0.32228.343
MinimumVisualStudioVersion = 10.0.40219.1
Project("{FAE04EC0-301F-11D3-BF4B-00C04F79EFBC}") = "WebApiBasicApp", "WebApiBasicApp\WebApiBasicApp.csproj", "{6BE36988-1D6C-45F8-9A6D-3110C0AA3F9A}"
EndProject
Global
	GlobalSection(SolutionConfigurationPlatforms) = preSolution
		Debug|Any CPU = Debug|Any CPU
		Release|Any CPU = Release|Any CPU
	EndGlobalSection
	GlobalSection(ProjectConfigurationPlatforms) = postSolution
		{6BE36988-1D6C-45F8-9A6D-3110C0AA3F9A}.Debug|Any CPU.ActiveCfg = Debug|Any CPU
		{6BE36988-1D6C-45F8-9A6D-3110C0AA3F9A}.Debug|Any CPU.Build.0 = Debug|Any CPU
		{6BE36988-1D6C-45F8-9A6D-3110C0AA3F9A}.Release|Any CPU.ActiveCfg = Release|Any CPU
		{6BE36988-1D6C-45F8-9A6D-3110C0AA3F9A}.Release|Any CPU.Build.0 = Release|Any CPU
	EndGlobalSection
	GlobalSection(SolutionProperties) = preSolution
		HideSolutionNode = FALSE
	EndGlobalSection
	GlobalSection(ExtensibilityGlobals) = postSolution
		SolutionGuid = {AD11FB22-560F-43AA-9732-A06EB7299265}
	EndGlobalSection
EndGlobal
